
Microsoft Visual Studio Solution File, Format Version 12.00
# Visual Studio 15
VisualStudioVersion = 15.0.28307.539
MinimumVisualStudioVersion = 10.0.40219.1
Project("{FAE04EC0-301F-11D3-BF4B-00C04F79EFBC}") = "Lab_01", "Lab_01\Lab_01.csproj", "{871C37BA-6E52-4607-B1B6-447A8DF58780}"
EndProject
Global
	GlobalSection(SolutionConfigurationPlatforms) = preSolution
		Debug|Any CPU = Debug|Any CPU
		Release|Any CPU = Release|Any CPU
	EndGlobalSection
	GlobalSection(ProjectConfigurationPlatforms) = postSolution
		{871C37BA-6E52-4607-B1B6-447A8DF58780}.Debug|Any CPU.ActiveCfg = Debug|Any CPU
		{871C37BA-6E52-4607-B1B6-447A8DF58780}.Debug|Any CPU.Build.0 = Debug|Any CPU
		{871C37BA-6E52-4607-B1B6-447A8DF58780}.Release|Any CPU.ActiveCfg = Release|Any CPU
		{871C37BA-6E52-4607-B1B6-447A8DF58780}.Release|Any CPU.Build.0 = Release|Any CPU
	EndGlobalSection
	GlobalSection(SolutionProperties) = preSolution
		HideSolutionNode = FALSE
	EndGlobalSection
	GlobalSection(ExtensibilityGlobals) = postSolution
		SolutionGuid = {8720F844-4CED-40F2-BD8F-F707B439EA4F}
	EndGlobalSection
EndGlobal
